
Microsoft Visual Studio Solution File, Format Version 12.00
# Visual Studio Version 16
VisualStudioVersion = 16.0.31410.357
MinimumVisualStudioVersion = 10.0.40219.1
Project("{FAE04EC0-301F-11D3-BF4B-00C04F79EFBC}") = "Common.Utility", "Common.Utility\Common.Utility.csproj", "{276C75B0-EC2F-4638-9E61-9319167D3785}"
EndProject
Global
	GlobalSection(SolutionConfigurationPlatforms) = preSolution
		Debug|Any CPU = Debug|Any CPU
		Release|Any CPU = Release|Any CPU
	EndGlobalSection
	GlobalSection(ProjectConfigurationPlatforms) = postSolution
		{276C75B0-EC2F-4638-9E61-9319167D3785}.Debug|Any CPU.ActiveCfg = Debug|Any CPU
		{276C75B0-EC2F-4638-9E61-9319167D3785}.Debug|Any CPU.Build.0 = Debug|Any CPU
		{276C75B0-EC2F-4638-9E61-9319167D3785}.Release|Any CPU.ActiveCfg = Release|Any CPU
		{276C75B0-EC2F-4638-9E61-9319167D3785}.Release|Any CPU.Build.0 = Release|Any CPU
	EndGlobalSection
	GlobalSection(SolutionProperties) = preSolution
		HideSolutionNode = FALSE
	EndGlobalSection
	GlobalSection(ExtensibilityGlobals) = postSolution
		SolutionGuid = {DB77AC44-9621-44C3-A358-81BC053B18CD}
	EndGlobalSection
EndGlobal
